// !$*UTF8*$!
{
	archiveVersion = 1;
	classes = {
	};
	objectVersion = 56;
	objects = {

/* Begin PBXBuildFile section */
		C80606D62969D8F2000364C6 /* FlameApp.swift in Sources */ = {isa = PBXBuildFile; fileRef = C80606D52969D8F2000364C6 /* FlameApp.swift */; };
		C80606D82969D8F2000364C6 /* MainScreen.swift in Sources */ = {isa = PBXBuildFile; fileRef = C80606D72969D8F2000364C6 /* MainScreen.swift */; };
		C80606DA2969D8F3000364C6 /* Assets.xcassets in Resources */ = {isa = PBXBuildFile; fileRef = C80606D92969D8F3000364C6 /* Assets.xcassets */; };
		C80606DE2969D8F3000364C6 /* Preview Assets.xcassets in Resources */ = {isa = PBXBuildFile; fileRef = C80606DD2969D8F3000364C6 /* Preview Assets.xcassets */; };
		C80606E62969D929000364C6 /* FireplaceService.swift in Sources */ = {isa = PBXBuildFile; fileRef = C80606E52969D929000364C6 /* FireplaceService.swift */; };
		C80606E92969DBC5000364C6 /* Fireplace.swift in Sources */ = {isa = PBXBuildFile; fileRef = C80606E82969DBC5000364C6 /* Fireplace.swift */; };
		C83C91BD2ACDD07F00C400D5 /* Picker.swift in Sources */ = {isa = PBXBuildFile; fileRef = C83C91BC2ACDD07F00C400D5 /* Picker.swift */; };
		C8F2C09C2ACE117A008CC23D /* BackgroundView.swift in Sources */ = {isa = PBXBuildFile; fileRef = C8F2C09B2ACE117A008CC23D /* BackgroundView.swift */; };
		C8F2C09E2ACE1B00008CC23D /* StartButton.swift in Sources */ = {isa = PBXBuildFile; fileRef = C8F2C09D2ACE1B00008CC23D /* StartButton.swift */; };
/* End PBXBuildFile section */

/* Begin PBXFileReference section */
		C80606D22969D8F2000364C6 /* flame.app */ = {isa = PBXFileReference; explicitFileType = wrapper.application; includeInIndex = 0; path = flame.app; sourceTree = BUILT_PRODUCTS_DIR; };
		C80606D52969D8F2000364C6 /* FlameApp.swift */ = {isa = PBXFileReference; lastKnownFileType = sourcecode.swift; path = FlameApp.swift; sourceTree = "<group>"; };
		C80606D72969D8F2000364C6 /* MainScreen.swift */ = {isa = PBXFileReference; lastKnownFileType = sourcecode.swift; path = MainScreen.swift; sourceTree = "<group>"; };
		C80606D92969D8F3000364C6 /* Assets.xcassets */ = {isa = PBXFileReference; lastKnownFileType = folder.assetcatalog; path = Assets.xcassets; sourceTree = "<group>"; };
		C80606DB2969D8F3000364C6 /* flame.entitlements */ = {isa = PBXFileReference; lastKnownFileType = text.plist.entitlements; path = flame.entitlements; sourceTree = "<group>"; };
		C80606DD2969D8F3000364C6 /* Preview Assets.xcassets */ = {isa = PBXFileReference; lastKnownFileType = folder.assetcatalog; path = "Preview Assets.xcassets"; sourceTree = "<group>"; };
		C80606E52969D929000364C6 /* FireplaceService.swift */ = {isa = PBXFileReference; lastKnownFileType = sourcecode.swift; path = FireplaceService.swift; sourceTree = "<group>"; };
		C80606E82969DBC5000364C6 /* Fireplace.swift */ = {isa = PBXFileReference; lastKnownFileType = sourcecode.swift; path = Fireplace.swift; sourceTree = "<group>"; };
		C83C91BC2ACDD07F00C400D5 /* Picker.swift */ = {isa = PBXFileReference; lastKnownFileType = sourcecode.swift; path = Picker.swift; sourceTree = "<group>"; };
		C8F2C09B2ACE117A008CC23D /* BackgroundView.swift */ = {isa = PBXFileReference; lastKnownFileType = sourcecode.swift; path = BackgroundView.swift; sourceTree = "<group>"; };
		C8F2C09D2ACE1B00008CC23D /* StartButton.swift */ = {isa = PBXFileReference; lastKnownFileType = sourcecode.swift; path = StartButton.swift; sourceTree = "<group>"; };
/* End PBXFileReference section */

/* Begin PBXFrameworksBuildPhase section */
		C80606CF2969D8F2000364C6 /* Frameworks */ = {
			isa = PBXFrameworksBuildPhase;
			buildActionMask = 2147483647;
			files = (
			);
			runOnlyForDeploymentPostprocessing = 0;
		};
/* End PBXFrameworksBuildPhase section */

/* Begin PBXGroup section */
		C80606C92969D8F2000364C6 = {
			isa = PBXGroup;
			children = (
				C80606D42969D8F2000364C6 /* flame */,
				C80606D32969D8F2000364C6 /* Products */,
			);
			sourceTree = "<group>";
		};
		C80606D32969D8F2000364C6 /* Products */ = {
			isa = PBXGroup;
			children = (
				C80606D22969D8F2000364C6 /* flame.app */,
			);
			name = Products;
			sourceTree = "<group>";
		};
		C80606D42969D8F2000364C6 /* flame */ = {
			isa = PBXGroup;
			children = (
				C83C91BB2ACDD07200C400D5 /* Views */,
				C80606E72969DBBE000364C6 /* Models */,
				C80606E42969D91C000364C6 /* Services */,
				C80606D52969D8F2000364C6 /* FlameApp.swift */,
				C80606D72969D8F2000364C6 /* MainScreen.swift */,
				C80606D92969D8F3000364C6 /* Assets.xcassets */,
				C80606DB2969D8F3000364C6 /* flame.entitlements */,
				C80606DC2969D8F3000364C6 /* Preview Content */,
			);
			path = flame;
			sourceTree = "<group>";
		};
		C80606DC2969D8F3000364C6 /* Preview Content */ = {
			isa = PBXGroup;
			children = (
				C80606DD2969D8F3000364C6 /* Preview Assets.xcassets */,
			);
			path = "Preview Content";
			sourceTree = "<group>";
		};
		C80606E42969D91C000364C6 /* Services */ = {
			isa = PBXGroup;
			children = (
				C80606E52969D929000364C6 /* FireplaceService.swift */,
			);
			path = Services;
			sourceTree = "<group>";
		};
		C80606E72969DBBE000364C6 /* Models */ = {
			isa = PBXGroup;
			children = (
				C80606E82969DBC5000364C6 /* Fireplace.swift */,
			);
			path = Models;
			sourceTree = "<group>";
		};
		C83C91BB2ACDD07200C400D5 /* Views */ = {
			isa = PBXGroup;
			children = (
				C83C91BC2ACDD07F00C400D5 /* Picker.swift */,
				C8F2C09B2ACE117A008CC23D /* BackgroundView.swift */,
				C8F2C09D2ACE1B00008CC23D /* StartButton.swift */,
			);
			path = Views;
			sourceTree = "<group>";
		};
/* End PBXGroup section */

/* Begin PBXNativeTarget section */
		C80606D12969D8F2000364C6 /* flame */ = {
			isa = PBXNativeTarget;
			buildConfigurationList = C80606E12969D8F3000364C6 /* Build configuration list for PBXNativeTarget "flame" */;
			buildPhases = (
				C80606CE2969D8F2000364C6 /* Sources */,
				C80606CF2969D8F2000364C6 /* Frameworks */,
				C80606D02969D8F2000364C6 /* Resources */,
			);
			buildRules = (
			);
			dependencies = (
			);
			name = flame;
			productName = flame;
			productReference = C80606D22969D8F2000364C6 /* flame.app */;
			productType = "com.apple.product-type.application";
		};
/* End PBXNativeTarget section */

/* Begin PBXProject section */
		C80606CA2969D8F2000364C6 /* Project object */ = {
			isa = PBXProject;
			attributes = {
				BuildIndependentTargetsInParallel = 1;
				LastSwiftUpdateCheck = 1410;
				LastUpgradeCheck = 1410;
				TargetAttributes = {
					C80606D12969D8F2000364C6 = {
						CreatedOnToolsVersion = 14.1;
					};
				};
			};
			buildConfigurationList = C80606CD2969D8F2000364C6 /* Build configuration list for PBXProject "flame" */;
			compatibilityVersion = "Xcode 14.0";
			developmentRegion = en;
			hasScannedForEncodings = 0;
			knownRegions = (
				en,
				Base,
			);
			mainGroup = C80606C92969D8F2000364C6;
			productRefGroup = C80606D32969D8F2000364C6 /* Products */;
			projectDirPath = "";
			projectRoot = "";
			targets = (
				C80606D12969D8F2000364C6 /* flame */,
			);
		};
/* End PBXProject section */

/* Begin PBXResourcesBuildPhase section */
		C80606D02969D8F2000364C6 /* Resources */ = {
			isa = PBXResourcesBuildPhase;
			buildActionMask = 2147483647;
			files = (
				C80606DE2969D8F3000364C6 /* Preview Assets.xcassets in Resources */,
				C80606DA2969D8F3000364C6 /* Assets.xcassets in Resources */,
			);
			runOnlyForDeploymentPostprocessing = 0;
		};
/* End PBXResourcesBuildPhase section */

/* Begin PBXSourcesBuildPhase section */
		C80606CE2969D8F2000364C6 /* Sources */ = {
			isa = PBXSourcesBuildPhase;
			buildActionMask = 2147483647;
			files = (
				C8F2C09C2ACE117A008CC23D /* BackgroundView.swift in Sources */,
				C83C91BD2ACDD07F00C400D5 /* Picker.swift in Sources */,
				C80606E62969D929000364C6 /* FireplaceService.swift in Sources */,
				C80606E92969DBC5000364C6 /* Fireplace.swift in Sources */,
				C8F2C09E2ACE1B00008CC23D /* StartButton.swift in Sources */,
				C80606D82969D8F2000364C6 /* MainScreen.swift in Sources */,
				C80606D62969D8F2000364C6 /* FlameApp.swift in Sources */,
			);
			runOnlyForDeploymentPostprocessing = 0;
		};
/* End PBXSourcesBuildPhase section */

/* Begin XCBuildConfiguration section */
		C80606DF2969D8F3000364C6 /* Debug */ = {
			isa = XCBuildConfiguration;
			buildSettings = {
				ALWAYS_SEARCH_USER_PATHS = NO;
				CLANG_ANALYZER_NONNULL = YES;
				CLANG_ANALYZER_NUMBER_OBJECT_CONVERSION = YES_AGGRESSIVE;
				CLANG_CXX_LANGUAGE_STANDARD = "gnu++20";
				CLANG_ENABLE_MODULES = YES;
				CLANG_ENABLE_OBJC_ARC = YES;
				CLANG_ENABLE_OBJC_WEAK = YES;
				CLANG_WARN_BLOCK_CAPTURE_AUTORELEASING = YES;
				CLANG_WARN_BOOL_CONVERSION = YES;
				CLANG_WARN_COMMA = YES;
				CLANG_WARN_CONSTANT_CONVERSION = YES;
				CLANG_WARN_DEPRECATED_OBJC_IMPLEMENTATIONS = YES;
				CLANG_WARN_DIRECT_OBJC_ISA_USAGE = YES_ERROR;
				CLANG_WARN_DOCUMENTATION_COMMENTS = YES;
				CLANG_WARN_EMPTY_BODY = YES;
				CLANG_WARN_ENUM_CONVERSION = YES;
				CLANG_WARN_INFINITE_RECURSION = YES;
				CLANG_WARN_INT_CONVERSION = YES;
				CLANG_WARN_NON_LITERAL_NULL_CONVERSION = YES;
				CLANG_WARN_OBJC_IMPLICIT_RETAIN_SELF = YES;
				CLANG_WARN_OBJC_LITERAL_CONVERSION = YES;
				CLANG_WARN_OBJC_ROOT_CLASS = YES_ERROR;
				CLANG_WARN_QUOTED_INCLUDE_IN_FRAMEWORK_HEADER = YES;
				CLANG_WARN_RANGE_LOOP_ANALYSIS = YES;
				CLANG_WARN_STRICT_PROTOTYPES = YES;
				CLANG_WARN_SUSPICIOUS_MOVE = YES;
				CLANG_WARN_UNGUARDED_AVAILABILITY = YES_AGGRESSIVE;
				CLANG_WARN_UNREACHABLE_CODE = YES;
				CLANG_WARN__DUPLICATE_METHOD_MATCH = YES;
				COPY_PHASE_STRIP = NO;
				DEBUG_INFORMATION_FORMAT = dwarf;
				ENABLE_STRICT_OBJC_MSGSEND = YES;
				ENABLE_TESTABILITY = YES;
				GCC_C_LANGUAGE_STANDARD = gnu11;
				GCC_DYNAMIC_NO_PIC = NO;
				GCC_NO_COMMON_BLOCKS = YES;
				GCC_OPTIMIZATION_LEVEL = 0;
				GCC_PREPROCESSOR_DEFINITIONS = (
					"DEBUG=1",
					"$(inherited)",
				);
				GCC_WARN_64_TO_32_BIT_CONVERSION = YES;
				GCC_WARN_ABOUT_RETURN_TYPE = YES_ERROR;
				GCC_WARN_UNDECLARED_SELECTOR = YES;
				GCC_WARN_UNINITIALIZED_AUTOS = YES_AGGRESSIVE;
				GCC_WARN_UNUSED_FUNCTION = YES;
				GCC_WARN_UNUSED_VARIABLE = YES;
				MTL_ENABLE_DEBUG_INFO = INCLUDE_SOURCE;
				MTL_FAST_MATH = YES;
				ONLY_ACTIVE_ARCH = YES;
				SWIFT_ACTIVE_COMPILATION_CONDITIONS = DEBUG;
				SWIFT_OPTIMIZATION_LEVEL = "-Onone";
			};
			name = Debug;
		};
		C80606E02969D8F3000364C6 /* Release */ = {
			isa = XCBuildConfiguration;
			buildSettings = {
				ALWAYS_SEARCH_USER_PATHS = NO;
				CLANG_ANALYZER_NONNULL = YES;
				CLANG_ANALYZER_NUMBER_OBJECT_CONVERSION = YES_AGGRESSIVE;
				CLANG_CXX_LANGUAGE_STANDARD = "gnu++20";
				CLANG_ENABLE_MODULES = YES;
				CLANG_ENABLE_OBJC_ARC = YES;
				CLANG_ENABLE_OBJC_WEAK = YES;
				CLANG_WARN_BLOCK_CAPTURE_AUTORELEASING = YES;
				CLANG_WARN_BOOL_CONVERSION = YES;
				CLANG_WARN_COMMA = YES;
				CLANG_WARN_CONSTANT_CONVERSION = YES;
				CLANG_WARN_DEPRECATED_OBJC_IMPLEMENTATIONS = YES;
				CLANG_WARN_DIRECT_OBJC_ISA_USAGE = YES_ERROR;
				CLANG_WARN_DOCUMENTATION_COMMENTS = YES;
				CLANG_WARN_EMPTY_BODY = YES;
				CLANG_WARN_ENUM_CONVERSION = YES;
				CLANG_WARN_INFINITE_RECURSION = YES;
				CLANG_WARN_INT_CONVERSION = YES;
				CLANG_WARN_NON_LITERAL_NULL_CONVERSION = YES;
				CLANG_WARN_OBJC_IMPLICIT_RETAIN_SELF = YES;
				CLANG_WARN_OBJC_LITERAL_CONVERSION = YES;
				CLANG_WARN_OBJC_ROOT_CLASS = YES_ERROR;
				CLANG_WARN_QUOTED_INCLUDE_IN_FRAMEWORK_HEADER = YES;
				CLANG_WARN_RANGE_LOOP_ANALYSIS = YES;
				CLANG_WARN_STRICT_PROTOTYPES = YES;
				CLANG_WARN_SUSPICIOUS_MOVE = YES;
				CLANG_WARN_UNGUARDED_AVAILABILITY = YES_AGGRESSIVE;
				CLANG_WARN_UNREACHABLE_CODE = YES;
				CLANG_WARN__DUPLICATE_METHOD_MATCH = YES;
				COPY_PHASE_STRIP = NO;
				DEBUG_INFORMATION_FORMAT = "dwarf-with-dsym";
				ENABLE_NS_ASSERTIONS = NO;
				ENABLE_STRICT_OBJC_MSGSEND = YES;
				GCC_C_LANGUAGE_STANDARD = gnu11;
				GCC_NO_COMMON_BLOCKS = YES;
				GCC_WARN_64_TO_32_BIT_CONVERSION = YES;
				GCC_WARN_ABOUT_RETURN_TYPE = YES_ERROR;
				GCC_WARN_UNDECLARED_SELECTOR = YES;
				GCC_WARN_UNINITIALIZED_AUTOS = YES_AGGRESSIVE;
				GCC_WARN_UNUSED_FUNCTION = YES;
				GCC_WARN_UNUSED_VARIABLE = YES;
				MTL_ENABLE_DEBUG_INFO = NO;
				MTL_FAST_MATH = YES;
				SWIFT_COMPILATION_MODE = wholemodule;
				SWIFT_OPTIMIZATION_LEVEL = "-O";
			};
			name = Release;
		};
		C80606E22969D8F3000364C6 /* Debug */ = {
			isa = XCBuildConfiguration;
			buildSettings = {
				ASSETCATALOG_COMPILER_APPICON_NAME = AppIcon;
				ASSETCATALOG_COMPILER_GLOBAL_ACCENT_COLOR_NAME = AccentColor;
				CODE_SIGN_ENTITLEMENTS = flame/flame.entitlements;
				CODE_SIGN_STYLE = Automatic;
				CURRENT_PROJECT_VERSION = 1;
				DEVELOPMENT_ASSET_PATHS = "\"flame/Preview Content\"";
				DEVELOPMENT_TEAM = T9G4KUKSVP;
				ENABLE_HARDENED_RUNTIME = YES;
				ENABLE_PREVIEWS = YES;
				GENERATE_INFOPLIST_FILE = YES;
				"INFOPLIST_KEY_UIApplicationSceneManifest_Generation[sdk=iphoneos*]" = YES;
				"INFOPLIST_KEY_UIApplicationSceneManifest_Generation[sdk=iphonesimulator*]" = YES;
				"INFOPLIST_KEY_UIApplicationSupportsIndirectInputEvents[sdk=iphoneos*]" = YES;
				"INFOPLIST_KEY_UIApplicationSupportsIndirectInputEvents[sdk=iphonesimulator*]" = YES;
				"INFOPLIST_KEY_UILaunchScreen_Generation[sdk=iphoneos*]" = YES;
				"INFOPLIST_KEY_UILaunchScreen_Generation[sdk=iphonesimulator*]" = YES;
				"INFOPLIST_KEY_UIStatusBarStyle[sdk=iphoneos*]" = UIStatusBarStyleDefault;
				"INFOPLIST_KEY_UIStatusBarStyle[sdk=iphonesimulator*]" = UIStatusBarStyleDefault;
				INFOPLIST_KEY_UISupportedInterfaceOrientations_iPad = "UIInterfaceOrientationPortrait UIInterfaceOrientationPortraitUpsideDown UIInterfaceOrientationLandscapeLeft UIInterfaceOrientationLandscapeRight";
				INFOPLIST_KEY_UISupportedInterfaceOrientations_iPhone = "UIInterfaceOrientationPortrait UIInterfaceOrientationLandscapeLeft UIInterfaceOrientationLandscapeRight";
				IPHONEOS_DEPLOYMENT_TARGET = 16.0;
				LD_RUNPATH_SEARCH_PATHS = "@executable_path/Frameworks";
				"LD_RUNPATH_SEARCH_PATHS[sdk=macosx*]" = "@executable_path/../Frameworks";
				MACOSX_DEPLOYMENT_TARGET = 13.0;
				MARKETING_VERSION = 1.0;
				PRODUCT_BUNDLE_IDENTIFIER = org.sillik.flame;
				PRODUCT_NAME = "$(TARGET_NAME)";
				SDKROOT = auto;
				SUPPORTED_PLATFORMS = "iphoneos iphonesimulator macosx";
				SWIFT_EMIT_LOC_STRINGS = YES;
				SWIFT_VERSION = 5.0;
				TARGETED_DEVICE_FAMILY = "1,2";
			};
			name = Debug;
		};
		C80606E32969D8F3000364C6 /* Release */ = {
			isa = XCBuildConfiguration;
			buildSettings = {
				ASSETCATALOG_COMPILER_APPICON_NAME = AppIcon;
				ASSETCATALOG_COMPILER_GLOBAL_ACCENT_COLOR_NAME = AccentColor;
				CODE_SIGN_ENTITLEMENTS = flame/flame.entitlements;
				CODE_SIGN_STYLE = Automatic;
				CURRENT_PROJECT_VERSION = 1;
				DEVELOPMENT_ASSET_PATHS = "\"flame/Preview Content\"";
				DEVELOPMENT_TEAM = T9G4KUKSVP;
				ENABLE_HARDENED_RUNTIME = YES;
				ENABLE_PREVIEWS = YES;
				GENERATE_INFOPLIST_FILE = YES;
				"INFOPLIST_KEY_UIApplicationSceneManifest_Generation[sdk=iphoneos*]" = YES;
				"INFOPLIST_KEY_UIApplicationSceneManifest_Generation[sdk=iphonesimulator*]" = YES;
				"INFOPLIST_KEY_UIApplicationSupportsIndirectInputEvents[sdk=iphoneos*]" = YES;
				"INFOPLIST_KEY_UIApplicationSupportsIndirectInputEvents[sdk=iphonesimulator*]" = YES;
				"INFOPLIST_KEY_UILaunchScreen_Generation[sdk=iphoneos*]" = YES;
				"INFOPLIST_KEY_UILaunchScreen_Generation[sdk=iphonesimulator*]" = YES;
				"INFOPLIST_KEY_UIStatusBarStyle[sdk=iphoneos*]" = UIStatusBarStyleDefault;
				"INFOPLIST_KEY_UIStatusBarStyle[sdk=iphonesimulator*]" = UIStatusBarStyleDefault;
				INFOPLIST_KEY_UISupportedInterfaceOrientations_iPad = "UIInterfaceOrientationPortrait UIInterfaceOrientationPortraitUpsideDown UIInterfaceOrientationLandscapeLeft UIInterfaceOrientationLandscapeRight";
				INFOPLIST_KEY_UISupportedInterfaceOrientations_iPhone = "UIInterfaceOrientationPortrait UIInterfaceOrientationLandscapeLeft UIInterfaceOrientationLandscapeRight";
				IPHONEOS_DEPLOYMENT_TARGET = 16.0;
				LD_RUNPATH_SEARCH_PATHS = "@executable_path/Frameworks";
				"LD_RUNPATH_SEARCH_PATHS[sdk=macosx*]" = "@executable_path/../Frameworks";
				MACOSX_DEPLOYMENT_TARGET = 13.0;
				MARKETING_VERSION = 1.0;
				PRODUCT_BUNDLE_IDENTIFIER = org.sillik.flame;
				PRODUCT_NAME = "$(TARGET_NAME)";
				SDKROOT = auto;
				SUPPORTED_PLATFORMS = "iphoneos iphonesimulator macosx";
				SWIFT_EMIT_LOC_STRINGS = YES;
				SWIFT_VERSION = 5.0;
				TARGETED_DEVICE_FAMILY = "1,2";
			};
			name = Release;
		};
/* End XCBuildConfiguration section */

/* Begin XCConfigurationList section */
		C80606CD2969D8F2000364C6 /* Build configuration list for PBXProject "flame" */ = {
			isa = XCConfigurationList;
			buildConfigurations = (
				C80606DF2969D8F3000364C6 /* Debug */,
				C80606E02969D8F3000364C6 /* Release */,
			);
			defaultConfigurationIsVisible = 0;
			defaultConfigurationName = Release;
		};
		C80606E12969D8F3000364C6 /* Build configuration list for PBXNativeTarget "flame" */ = {
			isa = XCConfigurationList;
			buildConfigurations = (
				C80606E22969D8F3000364C6 /* Debug */,
				C80606E32969D8F3000364C6 /* Release */,
			);
			defaultConfigurationIsVisible = 0;
			defaultConfigurationName = Release;
		};
/* End XCConfigurationList section */
	};
	rootObject = C80606CA2969D8F2000364C6 /* Project object */;
}
